
Microsoft Visual Studio Solution File, Format Version 12.00
# Visual Studio Version 16
VisualStudioVersion = 16.0.33423.256
MinimumVisualStudioVersion = 10.0.40219.1
Project("{FAE04EC0-301F-11D3-BF4B-00C04F79EFBC}") = "GameProject", "GameProject\GameProject.csproj", "{465C43C5-0FA0-4C13-988B-A10E86A7F567}"
EndProject
Global
	GlobalSection(SolutionConfigurationPlatforms) = preSolution
		Debug|Any CPU = Debug|Any CPU
		Release|Any CPU = Release|Any CPU
	EndGlobalSection
	GlobalSection(ProjectConfigurationPlatforms) = postSolution
		{465C43C5-0FA0-4C13-988B-A10E86A7F567}.Debug|Any CPU.ActiveCfg = Debug|Any CPU
		{465C43C5-0FA0-4C13-988B-A10E86A7F567}.Debug|Any CPU.Build.0 = Debug|Any CPU
		{465C43C5-0FA0-4C13-988B-A10E86A7F567}.Release|Any CPU.ActiveCfg = Release|Any CPU
		{465C43C5-0FA0-4C13-988B-A10E86A7F567}.Release|Any CPU.Build.0 = Release|Any CPU
	EndGlobalSection
	GlobalSection(SolutionProperties) = preSolution
		HideSolutionNode = FALSE
	EndGlobalSection
	GlobalSection(ExtensibilityGlobals) = postSolution
		SolutionGuid = {C15F296B-7F74-412C-A560-FDB0A5238EBD}
	EndGlobalSection
EndGlobal
