
Microsoft Visual Studio Solution File, Format Version 12.00
# Visual Studio Version 16
VisualStudioVersion = 16.0.33423.256
MinimumVisualStudioVersion = 10.0.40219.1
Project("{FAE04EC0-301F-11D3-BF4B-00C04F79EFBC}") = "Lab3Tasks", "Lab3Tasks\Lab3Tasks.csproj", "{ECAB782E-7792-4BD1-8314-93F87F4F50E0}"
EndProject
Global
	GlobalSection(SolutionConfigurationPlatforms) = preSolution
		Debug|Any CPU = Debug|Any CPU
		Release|Any CPU = Release|Any CPU
	EndGlobalSection
	GlobalSection(ProjectConfigurationPlatforms) = postSolution
		{ECAB782E-7792-4BD1-8314-93F87F4F50E0}.Debug|Any CPU.ActiveCfg = Debug|Any CPU
		{ECAB782E-7792-4BD1-8314-93F87F4F50E0}.Debug|Any CPU.Build.0 = Debug|Any CPU
		{ECAB782E-7792-4BD1-8314-93F87F4F50E0}.Release|Any CPU.ActiveCfg = Release|Any CPU
		{ECAB782E-7792-4BD1-8314-93F87F4F50E0}.Release|Any CPU.Build.0 = Release|Any CPU
	EndGlobalSection
	GlobalSection(SolutionProperties) = preSolution
		HideSolutionNode = FALSE
	EndGlobalSection
	GlobalSection(ExtensibilityGlobals) = postSolution
		SolutionGuid = {98B30630-9CA0-4CA5-A4D3-5950A1B72B34}
	EndGlobalSection
EndGlobal
