
Microsoft Visual Studio Solution File, Format Version 12.00
# Visual Studio Version 16
VisualStudioVersion = 16.0.33423.256
MinimumVisualStudioVersion = 10.0.40219.1
Project("{FAE04EC0-301F-11D3-BF4B-00C04F79EFBC}") = "lab7CH2", "lab7CH2\lab7CH2.csproj", "{6BBFBD19-1839-40E4-9A3C-96411D6EFC6B}"
EndProject
Global
	GlobalSection(SolutionConfigurationPlatforms) = preSolution
		Debug|Any CPU = Debug|Any CPU
		Release|Any CPU = Release|Any CPU
	EndGlobalSection
	GlobalSection(ProjectConfigurationPlatforms) = postSolution
		{6BBFBD19-1839-40E4-9A3C-96411D6EFC6B}.Debug|Any CPU.ActiveCfg = Debug|Any CPU
		{6BBFBD19-1839-40E4-9A3C-96411D6EFC6B}.Debug|Any CPU.Build.0 = Debug|Any CPU
		{6BBFBD19-1839-40E4-9A3C-96411D6EFC6B}.Release|Any CPU.ActiveCfg = Release|Any CPU
		{6BBFBD19-1839-40E4-9A3C-96411D6EFC6B}.Release|Any CPU.Build.0 = Release|Any CPU
	EndGlobalSection
	GlobalSection(SolutionProperties) = preSolution
		HideSolutionNode = FALSE
	EndGlobalSection
	GlobalSection(ExtensibilityGlobals) = postSolution
		SolutionGuid = {6FBBB302-F31F-4DEF-B1C9-0DA60D5A5F5D}
	EndGlobalSection
EndGlobal
