
Microsoft Visual Studio Solution File, Format Version 12.00
# Visual Studio Version 16
VisualStudioVersion = 16.0.33423.256
MinimumVisualStudioVersion = 10.0.40219.1
Project("{FAE04EC0-301F-11D3-BF4B-00C04F79EFBC}") = "OOPLab3Tasks", "OOPLab3Tasks\OOPLab3Tasks.csproj", "{0C7AFA46-64D8-48B5-A3CE-83AF76AC1A91}"
EndProject
Global
	GlobalSection(SolutionConfigurationPlatforms) = preSolution
		Debug|Any CPU = Debug|Any CPU
		Release|Any CPU = Release|Any CPU
	EndGlobalSection
	GlobalSection(ProjectConfigurationPlatforms) = postSolution
		{0C7AFA46-64D8-48B5-A3CE-83AF76AC1A91}.Debug|Any CPU.ActiveCfg = Debug|Any CPU
		{0C7AFA46-64D8-48B5-A3CE-83AF76AC1A91}.Debug|Any CPU.Build.0 = Debug|Any CPU
		{0C7AFA46-64D8-48B5-A3CE-83AF76AC1A91}.Release|Any CPU.ActiveCfg = Release|Any CPU
		{0C7AFA46-64D8-48B5-A3CE-83AF76AC1A91}.Release|Any CPU.Build.0 = Release|Any CPU
	EndGlobalSection
	GlobalSection(SolutionProperties) = preSolution
		HideSolutionNode = FALSE
	EndGlobalSection
	GlobalSection(ExtensibilityGlobals) = postSolution
		SolutionGuid = {048B672F-FB64-4999-BD22-A01CD24ED6D6}
	EndGlobalSection
EndGlobal
