
Microsoft Visual Studio Solution File, Format Version 12.00
# Visual Studio Version 16
VisualStudioVersion = 16.0.33423.256
MinimumVisualStudioVersion = 10.0.40219.1
Project("{FAE04EC0-301F-11D3-BF4B-00C04F79EFBC}") = "lab7CH1", "lab7CH1\lab7CH1.csproj", "{763EE618-2542-4062-873C-52E1DBC7217A}"
EndProject
Global
	GlobalSection(SolutionConfigurationPlatforms) = preSolution
		Debug|Any CPU = Debug|Any CPU
		Release|Any CPU = Release|Any CPU
	EndGlobalSection
	GlobalSection(ProjectConfigurationPlatforms) = postSolution
		{763EE618-2542-4062-873C-52E1DBC7217A}.Debug|Any CPU.ActiveCfg = Debug|Any CPU
		{763EE618-2542-4062-873C-52E1DBC7217A}.Debug|Any CPU.Build.0 = Debug|Any CPU
		{763EE618-2542-4062-873C-52E1DBC7217A}.Release|Any CPU.ActiveCfg = Release|Any CPU
		{763EE618-2542-4062-873C-52E1DBC7217A}.Release|Any CPU.Build.0 = Release|Any CPU
	EndGlobalSection
	GlobalSection(SolutionProperties) = preSolution
		HideSolutionNode = FALSE
	EndGlobalSection
	GlobalSection(ExtensibilityGlobals) = postSolution
		SolutionGuid = {1092290C-0F3D-422E-8606-D3C7E08FE25F}
	EndGlobalSection
EndGlobal
