
Microsoft Visual Studio Solution File, Format Version 12.00
# Visual Studio Version 16
VisualStudioVersion = 16.0.33423.256
MinimumVisualStudioVersion = 10.0.40219.1
Project("{FAE04EC0-301F-11D3-BF4B-00C04F79EFBC}") = "L8P1", "L8P1\L8P1.csproj", "{29556B25-9599-4326-9E0F-3C2A7DA37DBB}"
EndProject
Global
	GlobalSection(SolutionConfigurationPlatforms) = preSolution
		Debug|Any CPU = Debug|Any CPU
		Release|Any CPU = Release|Any CPU
	EndGlobalSection
	GlobalSection(ProjectConfigurationPlatforms) = postSolution
		{29556B25-9599-4326-9E0F-3C2A7DA37DBB}.Debug|Any CPU.ActiveCfg = Debug|Any CPU
		{29556B25-9599-4326-9E0F-3C2A7DA37DBB}.Debug|Any CPU.Build.0 = Debug|Any CPU
		{29556B25-9599-4326-9E0F-3C2A7DA37DBB}.Release|Any CPU.ActiveCfg = Release|Any CPU
		{29556B25-9599-4326-9E0F-3C2A7DA37DBB}.Release|Any CPU.Build.0 = Release|Any CPU
	EndGlobalSection
	GlobalSection(SolutionProperties) = preSolution
		HideSolutionNode = FALSE
	EndGlobalSection
	GlobalSection(ExtensibilityGlobals) = postSolution
		SolutionGuid = {1059321C-8549-4151-8888-33BD015CB25F}
	EndGlobalSection
EndGlobal
