
Microsoft Visual Studio Solution File, Format Version 12.00
# Visual Studio Version 16
VisualStudioVersion = 16.0.33423.256
MinimumVisualStudioVersion = 10.0.40219.1
Project("{FAE04EC0-301F-11D3-BF4B-00C04F79EFBC}") = "myGame", "myGame\myGame.csproj", "{6ED74EA7-F6F3-42CE-A1D6-86DE67C3A33A}"
EndProject
Global
	GlobalSection(SolutionConfigurationPlatforms) = preSolution
		Debug|Any CPU = Debug|Any CPU
		Release|Any CPU = Release|Any CPU
	EndGlobalSection
	GlobalSection(ProjectConfigurationPlatforms) = postSolution
		{6ED74EA7-F6F3-42CE-A1D6-86DE67C3A33A}.Debug|Any CPU.ActiveCfg = Debug|Any CPU
		{6ED74EA7-F6F3-42CE-A1D6-86DE67C3A33A}.Debug|Any CPU.Build.0 = Debug|Any CPU
		{6ED74EA7-F6F3-42CE-A1D6-86DE67C3A33A}.Release|Any CPU.ActiveCfg = Release|Any CPU
		{6ED74EA7-F6F3-42CE-A1D6-86DE67C3A33A}.Release|Any CPU.Build.0 = Release|Any CPU
	EndGlobalSection
	GlobalSection(SolutionProperties) = preSolution
		HideSolutionNode = FALSE
	EndGlobalSection
	GlobalSection(ExtensibilityGlobals) = postSolution
		SolutionGuid = {3F6521E6-D1A2-4D11-A71C-4DF6EF46C5C1}
	EndGlobalSection
EndGlobal
