
Microsoft Visual Studio Solution File, Format Version 12.00
# Visual Studio Version 16
VisualStudioVersion = 16.0.33423.256
MinimumVisualStudioVersion = 10.0.40219.1
Project("{FAE04EC0-301F-11D3-BF4B-00C04F79EFBC}") = "PD3", "PD3\PD3.csproj", "{B8658FCC-3C78-4C04-909E-CF50DD1215CD}"
EndProject
Global
	GlobalSection(SolutionConfigurationPlatforms) = preSolution
		Debug|Any CPU = Debug|Any CPU
		Release|Any CPU = Release|Any CPU
	EndGlobalSection
	GlobalSection(ProjectConfigurationPlatforms) = postSolution
		{B8658FCC-3C78-4C04-909E-CF50DD1215CD}.Debug|Any CPU.ActiveCfg = Debug|Any CPU
		{B8658FCC-3C78-4C04-909E-CF50DD1215CD}.Debug|Any CPU.Build.0 = Debug|Any CPU
		{B8658FCC-3C78-4C04-909E-CF50DD1215CD}.Release|Any CPU.ActiveCfg = Release|Any CPU
		{B8658FCC-3C78-4C04-909E-CF50DD1215CD}.Release|Any CPU.Build.0 = Release|Any CPU
	EndGlobalSection
	GlobalSection(SolutionProperties) = preSolution
		HideSolutionNode = FALSE
	EndGlobalSection
	GlobalSection(ExtensibilityGlobals) = postSolution
		SolutionGuid = {F845F912-62B5-44A3-8777-12BFFA0D2825}
	EndGlobalSection
EndGlobal
