
Microsoft Visual Studio Solution File, Format Version 12.00
# Visual Studio Version 16
VisualStudioVersion = 16.0.33423.256
MinimumVisualStudioVersion = 10.0.40219.1
Project("{FAE04EC0-301F-11D3-BF4B-00C04F79EFBC}") = "gamePD3", "gamePD3\gamePD3.csproj", "{1E9D3258-3147-486C-8497-D1005F9B5111}"
EndProject
Global
	GlobalSection(SolutionConfigurationPlatforms) = preSolution
		Debug|Any CPU = Debug|Any CPU
		Release|Any CPU = Release|Any CPU
	EndGlobalSection
	GlobalSection(ProjectConfigurationPlatforms) = postSolution
		{1E9D3258-3147-486C-8497-D1005F9B5111}.Debug|Any CPU.ActiveCfg = Debug|Any CPU
		{1E9D3258-3147-486C-8497-D1005F9B5111}.Debug|Any CPU.Build.0 = Debug|Any CPU
		{1E9D3258-3147-486C-8497-D1005F9B5111}.Release|Any CPU.ActiveCfg = Release|Any CPU
		{1E9D3258-3147-486C-8497-D1005F9B5111}.Release|Any CPU.Build.0 = Release|Any CPU
	EndGlobalSection
	GlobalSection(SolutionProperties) = preSolution
		HideSolutionNode = FALSE
	EndGlobalSection
	GlobalSection(ExtensibilityGlobals) = postSolution
		SolutionGuid = {23C52627-043F-4668-8203-BF0C7BB25004}
	EndGlobalSection
EndGlobal
